
Microsoft Visual Studio Solution File, Format Version 12.00
# Visual Studio Version 17
VisualStudioVersion = 17.0.31903.59
MinimumVisualStudioVersion = 10.0.40219.1
Project("{FAE04EC0-301F-11D3-BF4B-00C04F79EFBC}") = "Domain", "Domain\Domain.csproj", "{91BE70D6-E48E-47F8-B8ED-1394008F5575}"
EndProject
Project("{FAE04EC0-301F-11D3-BF4B-00C04F79EFBC}") = "Infrastructure", "Infrastructure\Infrastructure.csproj", "{CD6EA35F-9BA9-417A-8366-001C96C54B3D}"
EndProject
Project("{FAE04EC0-301F-11D3-BF4B-00C04F79EFBC}") = "WebApi", "WebApi\WebApi.csproj", "{5509D448-2C8A-4758-B8A3-179D88C65579}"
EndProject
Global
	GlobalSection(SolutionConfigurationPlatforms) = preSolution
		Debug|Any CPU = Debug|Any CPU
		Release|Any CPU = Release|Any CPU
	EndGlobalSection
	GlobalSection(SolutionProperties) = preSolution
		HideSolutionNode = FALSE
	EndGlobalSection
	GlobalSection(ProjectConfigurationPlatforms) = postSolution
		{91BE70D6-E48E-47F8-B8ED-1394008F5575}.Debug|Any CPU.ActiveCfg = Debug|Any CPU
		{91BE70D6-E48E-47F8-B8ED-1394008F5575}.Debug|Any CPU.Build.0 = Debug|Any CPU
		{91BE70D6-E48E-47F8-B8ED-1394008F5575}.Release|Any CPU.ActiveCfg = Release|Any CPU
		{91BE70D6-E48E-47F8-B8ED-1394008F5575}.Release|Any CPU.Build.0 = Release|Any CPU
		{CD6EA35F-9BA9-417A-8366-001C96C54B3D}.Debug|Any CPU.ActiveCfg = Debug|Any CPU
		{CD6EA35F-9BA9-417A-8366-001C96C54B3D}.Debug|Any CPU.Build.0 = Debug|Any CPU
		{CD6EA35F-9BA9-417A-8366-001C96C54B3D}.Release|Any CPU.ActiveCfg = Release|Any CPU
		{CD6EA35F-9BA9-417A-8366-001C96C54B3D}.Release|Any CPU.Build.0 = Release|Any CPU
		{5509D448-2C8A-4758-B8A3-179D88C65579}.Debug|Any CPU.ActiveCfg = Debug|Any CPU
		{5509D448-2C8A-4758-B8A3-179D88C65579}.Debug|Any CPU.Build.0 = Debug|Any CPU
		{5509D448-2C8A-4758-B8A3-179D88C65579}.Release|Any CPU.ActiveCfg = Release|Any CPU
		{5509D448-2C8A-4758-B8A3-179D88C65579}.Release|Any CPU.Build.0 = Release|Any CPU
	EndGlobalSection
EndGlobal
